
Microsoft Visual Studio Solution File, Format Version 12.00
# Visual Studio 15
VisualStudioVersion = 15.0.26124.0
MinimumVisualStudioVersion = 15.0.26124.0
Project("{2150E333-8FDC-42A3-9474-1A3956D46DE8}") = "src", "src", "{6F39714C-311D-40EC-8728-47AAB8C4E5FF}"
EndProject
Project("{FAE04EC0-301F-11D3-BF4B-00C04F79EFBC}") = "EasyPipeLine", "src\EasyPipeLine\EasyPipeLine.csproj", "{41A2BCFA-0CA5-4C05-89DA-42EB98401191}"
EndProject
Project("{2150E333-8FDC-42A3-9474-1A3956D46DE8}") = "test", "test", "{FC3AA627-0B30-4B0E-B48D-0A0BBC3B2BAB}"
EndProject
Project("{FAE04EC0-301F-11D3-BF4B-00C04F79EFBC}") = "test.EasyPipeLine", "test\test.EasyPipeLine\test.EasyPipeLine.csproj", "{06217BE2-231F-4322-A94F-A66BB3BA4B0D}"
EndProject
Global
	GlobalSection(SolutionConfigurationPlatforms) = preSolution
		Debug|Any CPU = Debug|Any CPU
		Debug|x64 = Debug|x64
		Debug|x86 = Debug|x86
		Release|Any CPU = Release|Any CPU
		Release|x64 = Release|x64
		Release|x86 = Release|x86
	EndGlobalSection
	GlobalSection(SolutionProperties) = preSolution
		HideSolutionNode = FALSE
	EndGlobalSection
	GlobalSection(ProjectConfigurationPlatforms) = postSolution
		{41A2BCFA-0CA5-4C05-89DA-42EB98401191}.Debug|Any CPU.ActiveCfg = Debug|Any CPU
		{41A2BCFA-0CA5-4C05-89DA-42EB98401191}.Debug|Any CPU.Build.0 = Debug|Any CPU
		{41A2BCFA-0CA5-4C05-89DA-42EB98401191}.Debug|x64.ActiveCfg = Debug|Any CPU
		{41A2BCFA-0CA5-4C05-89DA-42EB98401191}.Debug|x64.Build.0 = Debug|Any CPU
		{41A2BCFA-0CA5-4C05-89DA-42EB98401191}.Debug|x86.ActiveCfg = Debug|Any CPU
		{41A2BCFA-0CA5-4C05-89DA-42EB98401191}.Debug|x86.Build.0 = Debug|Any CPU
		{41A2BCFA-0CA5-4C05-89DA-42EB98401191}.Release|Any CPU.ActiveCfg = Release|Any CPU
		{41A2BCFA-0CA5-4C05-89DA-42EB98401191}.Release|Any CPU.Build.0 = Release|Any CPU
		{41A2BCFA-0CA5-4C05-89DA-42EB98401191}.Release|x64.ActiveCfg = Release|Any CPU
		{41A2BCFA-0CA5-4C05-89DA-42EB98401191}.Release|x64.Build.0 = Release|Any CPU
		{41A2BCFA-0CA5-4C05-89DA-42EB98401191}.Release|x86.ActiveCfg = Release|Any CPU
		{41A2BCFA-0CA5-4C05-89DA-42EB98401191}.Release|x86.Build.0 = Release|Any CPU
		{06217BE2-231F-4322-A94F-A66BB3BA4B0D}.Debug|Any CPU.ActiveCfg = Debug|Any CPU
		{06217BE2-231F-4322-A94F-A66BB3BA4B0D}.Debug|Any CPU.Build.0 = Debug|Any CPU
		{06217BE2-231F-4322-A94F-A66BB3BA4B0D}.Debug|x64.ActiveCfg = Debug|Any CPU
		{06217BE2-231F-4322-A94F-A66BB3BA4B0D}.Debug|x64.Build.0 = Debug|Any CPU
		{06217BE2-231F-4322-A94F-A66BB3BA4B0D}.Debug|x86.ActiveCfg = Debug|Any CPU
		{06217BE2-231F-4322-A94F-A66BB3BA4B0D}.Debug|x86.Build.0 = Debug|Any CPU
		{06217BE2-231F-4322-A94F-A66BB3BA4B0D}.Release|Any CPU.ActiveCfg = Release|Any CPU
		{06217BE2-231F-4322-A94F-A66BB3BA4B0D}.Release|Any CPU.Build.0 = Release|Any CPU
		{06217BE2-231F-4322-A94F-A66BB3BA4B0D}.Release|x64.ActiveCfg = Release|Any CPU
		{06217BE2-231F-4322-A94F-A66BB3BA4B0D}.Release|x64.Build.0 = Release|Any CPU
		{06217BE2-231F-4322-A94F-A66BB3BA4B0D}.Release|x86.ActiveCfg = Release|Any CPU
		{06217BE2-231F-4322-A94F-A66BB3BA4B0D}.Release|x86.Build.0 = Release|Any CPU
	EndGlobalSection
	GlobalSection(NestedProjects) = preSolution
		{41A2BCFA-0CA5-4C05-89DA-42EB98401191} = {6F39714C-311D-40EC-8728-47AAB8C4E5FF}
		{06217BE2-231F-4322-A94F-A66BB3BA4B0D} = {FC3AA627-0B30-4B0E-B48D-0A0BBC3B2BAB}
	EndGlobalSection
EndGlobal
